{
  "name": "telefone",
  "version": "0.0.1",
  "lockfileVersion": 2,
  "requires": true,
  "packages": {
    "": {
      "version": "0.0.1",
      "license": "MIT",
      "dependencies": {
        "dialup": "*",
        "koa": "*",
        "koa-send": "*",
        "streamlet": "*"
      },
      "devDependencies": {
        "@rollup/plugin-commonjs": "*",
        "@rollup/plugin-node-resolve": "*",
        "rollup": "*"
      }
    },
    "node_modules/@rollup/plugin-commonjs": {
      "version": "17.1.0",
      "dev": true,
      "license": "MIT",
      "dependencies": {
        "@rollup/pluginutils": "^3.1.0",
        "commondir": "^1.0.1",
        "estree-walker": "^2.0.1",
        "glob": "^7.1.6",
        "is-reference": "^1.2.1",
        "magic-string": "^0.25.7",
        "resolve": "^1.17.0"
      },
      "engines": {
        "node": ">= 8.0.0"
      },
      "peerDependencies": {
        "rollup": "^2.30.0"
      }
    },
    "node_modules/@rollup/plugin-commonjs/node_modules/estree-walker": {
      "version": "2.0.2",
      "dev": true,
      "license": "MIT"
    },
    "node_modules/@rollup/plugin-node-resolve": {
      "version": "11.2.0",
      "dev": true,
      "license": "MIT",
      "dependencies": {
        "@rollup/pluginutils": "^3.1.0",
        "@types/resolve": "1.17.1",
        "builtin-modules": "^3.1.0",
        "deepmerge": "^4.2.2",
        "is-module": "^1.0.0",
        "resolve": "^1.19.0"
      },
      "engines": {
        "node": ">= 10.0.0"
      },
      "peerDependencies": {
        "rollup": "^1.20.0||^2.0.0"
      }
    },
    "node_modules/@rollup/plugin-node-resolve/node_modules/@types/resolve": {
      "version": "1.17.1",
      "dev": true,
      "license": "MIT",
      "dependencies": {
        "@types/node": "*"
      }
    },
    "node_modules/@rollup/pluginutils": {
      "version": "3.1.0",
      "dev": true,
      "license": "MIT",
      "dependencies": {
        "@types/estree": "0.0.39",
        "estree-walker": "^1.0.1",
        "picomatch": "^2.2.2"
      },
      "engines": {
        "node": ">= 8.0.0"
      },
      "peerDependencies": {
        "rollup": "^1.20.0||^2.0.0"
      }
    },
    "node_modules/@rollup/pluginutils/node_modules/@types/estree": {
      "version": "0.0.39",
      "dev": true,
      "license": "MIT"
    },
    "node_modules/@rollup/pluginutils/node_modules/estree-walker": {
      "version": "1.0.1",
      "dev": true,
      "license": "MIT"
    },
    "node_modules/@types/estree": {
      "version": "0.0.46",
      "dev": true,
      "license": "MIT"
    },
    "node_modules/@types/node": {
      "version": "14.14.32",
      "dev": true,
      "license": "MIT"
    },
    "node_modules/accepts": {
      "version": "1.3.7",
      "license": "MIT",
      "dependencies": {
        "mime-types": "~2.1.24",
        "negotiator": "0.6.2"
      },
      "engines": {
        "node": ">= 0.6"
      }
    },
    "node_modules/any-promise": {
      "version": "1.3.0",
      "license": "MIT"
    },
    "node_modules/balanced-match": {
      "version": "1.0.0",
      "dev": true,
      "license": "MIT"
    },
    "node_modules/brace-expansion": {
      "version": "1.1.11",
      "dev": true,
      "license": "MIT",
      "dependencies": {
        "balanced-match": "^1.0.0",
        "concat-map": "0.0.1"
      }
    },
    "node_modules/builtin-modules": {
      "version": "3.2.0",
      "dev": true,
      "license": "MIT",
      "engines": {
        "node": ">=6"
      },
      "funding": {
        "url": "https://github.com/sponsors/sindresorhus"
      }
    },
    "node_modules/cache-content-type": {
      "version": "1.0.1",
      "license": "MIT",
      "dependencies": {
        "mime-types": "^2.1.18",
        "ylru": "^1.2.0"
      },
      "engines": {
        "node": ">= 6.0.0"
      }
    },
    "node_modules/chromatone": {
      "version": "0.0.1",
      "resolved": "https://registry.npmjs.org/chromatone/-/chromatone-0.0.1.tgz",
      "integrity": "sha512-Nm8uSWaPjYXuQrxivz60Vz+lmke/XUctJUb5/gnBlLswUxA5ZftD1nzV0daEMjQlZcLEvxxNu93mWA9qoP1MjA=="
    },
    "node_modules/co": {
      "version": "4.6.0",
      "license": "MIT",
      "engines": {
        "iojs": ">= 1.0.0",
        "node": ">= 0.12.0"
      }
    },
    "node_modules/commondir": {
      "version": "1.0.1",
      "dev": true,
      "license": "MIT"
    },
    "node_modules/concat-map": {
      "version": "0.0.1",
      "dev": true,
      "license": "MIT"
    },
    "node_modules/content-disposition": {
      "version": "0.5.3",
      "license": "MIT",
      "dependencies": {
        "safe-buffer": "5.1.2"
      },
      "engines": {
        "node": ">= 0.6"
      }
    },
    "node_modules/content-disposition/node_modules/safe-buffer": {
      "version": "5.1.2",
      "license": "MIT"
    },
    "node_modules/content-type": {
      "version": "1.0.4",
      "license": "MIT",
      "engines": {
        "node": ">= 0.6"
      }
    },
    "node_modules/cookies": {
      "version": "0.8.0",
      "license": "MIT",
      "dependencies": {
        "depd": "~2.0.0",
        "keygrip": "~1.1.0"
      },
      "engines": {
        "node": ">= 0.8"
      }
    },
    "node_modules/cookies/node_modules/depd": {
      "version": "2.0.0",
      "license": "MIT",
      "engines": {
        "node": ">= 0.8"
      }
    },
    "node_modules/deep-equal": {
      "version": "1.0.1",
      "license": "MIT"
    },
    "node_modules/deepmerge": {
      "version": "4.2.2",
      "dev": true,
      "license": "MIT",
      "engines": {
        "node": ">=0.10.0"
      }
    },
    "node_modules/delegates": {
      "version": "1.0.0",
      "license": "MIT"
    },
    "node_modules/depd": {
      "version": "1.1.2",
      "license": "MIT",
      "engines": {
        "node": ">= 0.6"
      }
    },
    "node_modules/destroy": {
      "version": "1.0.4",
      "license": "MIT"
    },
    "node_modules/dialup": {
      "version": "0.3.0",
      "resolved": "https://registry.npmjs.org/dialup/-/dialup-0.3.0.tgz",
      "integrity": "sha512-QKMxmVMhgiMlzJJCDtdO7gy7mcCGUEsI8YeiADebdwTYfivoGpY9hAeZajjru14Bp3ia7ez05AK7F9CgDdG16w==",
      "dependencies": {
        "chromatone": "*",
        "overtone": "*",
        "ws": "*"
      }
    },
    "node_modules/ee-first": {
      "version": "1.1.1",
      "license": "MIT"
    },
    "node_modules/encodeurl": {
      "version": "1.0.2",
      "license": "MIT",
      "engines": {
        "node": ">= 0.8"
      }
    },
    "node_modules/escape-html": {
      "version": "1.0.3",
      "license": "MIT"
    },
    "node_modules/fresh": {
      "version": "0.5.2",
      "license": "MIT",
      "engines": {
        "node": ">= 0.6"
      }
    },
    "node_modules/fs.realpath": {
      "version": "1.0.0",
      "dev": true,
      "license": "ISC"
    },
    "node_modules/fsevents": {
      "version": "2.3.2",
      "dev": true,
      "license": "MIT",
      "optional": true,
      "os": [
        "darwin"
      ],
      "engines": {
        "node": "^8.16.0 || ^10.6.0 || >=11.0.0"
      }
    },
    "node_modules/function-bind": {
      "version": "1.1.1",
      "dev": true,
      "license": "MIT"
    },
    "node_modules/glob": {
      "version": "7.1.6",
      "dev": true,
      "license": "ISC",
      "dependencies": {
        "fs.realpath": "^1.0.0",
        "inflight": "^1.0.4",
        "inherits": "2",
        "minimatch": "^3.0.4",
        "once": "^1.3.0",
        "path-is-absolute": "^1.0.0"
      },
      "engines": {
        "node": "*"
      },
      "funding": {
        "url": "https://github.com/sponsors/isaacs"
      }
    },
    "node_modules/has": {
      "version": "1.0.3",
      "dev": true,
      "license": "MIT",
      "dependencies": {
        "function-bind": "^1.1.1"
      },
      "engines": {
        "node": ">= 0.4.0"
      }
    },
    "node_modules/http-assert": {
      "version": "1.4.1",
      "license": "MIT",
      "dependencies": {
        "deep-equal": "~1.0.1",
        "http-errors": "~1.7.2"
      },
      "engines": {
        "node": ">= 0.8"
      }
    },
    "node_modules/http-errors": {
      "version": "1.7.2",
      "license": "MIT",
      "dependencies": {
        "depd": "~1.1.2",
        "inherits": "2.0.3",
        "setprototypeof": "1.1.1",
        "statuses": ">= 1.5.0 < 2",
        "toidentifier": "1.0.0"
      },
      "engines": {
        "node": ">= 0.6"
      }
    },
    "node_modules/http-errors/node_modules/inherits": {
      "version": "2.0.3",
      "license": "ISC"
    },
    "node_modules/inflight": {
      "version": "1.0.6",
      "dev": true,
      "license": "ISC",
      "dependencies": {
        "once": "^1.3.0",
        "wrappy": "1"
      }
    },
    "node_modules/inherits": {
      "version": "2.0.4",
      "license": "ISC"
    },
    "node_modules/is-core-module": {
      "version": "2.2.0",
      "dev": true,
      "license": "MIT",
      "dependencies": {
        "has": "^1.0.3"
      },
      "funding": {
        "url": "https://github.com/sponsors/ljharb"
      }
    },
    "node_modules/is-generator-function": {
      "version": "1.0.8",
      "license": "MIT",
      "engines": {
        "node": ">= 0.4"
      },
      "funding": {
        "url": "https://github.com/sponsors/ljharb"
      }
    },
    "node_modules/is-module": {
      "version": "1.0.0",
      "dev": true,
      "license": "MIT"
    },
    "node_modules/is-reference": {
      "version": "1.2.1",
      "dev": true,
      "license": "MIT",
      "dependencies": {
        "@types/estree": "*"
      }
    },
    "node_modules/keygrip": {
      "version": "1.1.0",
      "license": "MIT",
      "dependencies": {
        "tsscmp": "1.0.6"
      },
      "engines": {
        "node": ">= 0.6"
      }
    },
    "node_modules/koa": {
      "version": "2.13.1",
      "license": "MIT",
      "dependencies": {
        "accepts": "^1.3.5",
        "cache-content-type": "^1.0.0",
        "content-disposition": "~0.5.2",
        "content-type": "^1.0.4",
        "cookies": "~0.8.0",
        "debug": "~3.1.0",
        "delegates": "^1.0.0",
        "depd": "^2.0.0",
        "destroy": "^1.0.4",
        "encodeurl": "^1.0.2",
        "escape-html": "^1.0.3",
        "fresh": "~0.5.2",
        "http-assert": "^1.3.0",
        "http-errors": "^1.6.3",
        "is-generator-function": "^1.0.7",
        "koa-compose": "^4.1.0",
        "koa-convert": "^1.2.0",
        "on-finished": "^2.3.0",
        "only": "~0.0.2",
        "parseurl": "^1.3.2",
        "statuses": "^1.5.0",
        "type-is": "^1.6.16",
        "vary": "^1.1.2"
      },
      "engines": {
        "node": "^4.8.4 || ^6.10.1 || ^7.10.1 || >= 8.1.4"
      }
    },
    "node_modules/koa-compose": {
      "version": "4.1.0",
      "license": "MIT"
    },
    "node_modules/koa-convert": {
      "version": "1.2.0",
      "license": "MIT",
      "dependencies": {
        "co": "^4.6.0",
        "koa-compose": "^3.0.0"
      },
      "engines": {
        "node": ">= 4"
      }
    },
    "node_modules/koa-convert/node_modules/koa-compose": {
      "version": "3.2.1",
      "license": "MIT",
      "dependencies": {
        "any-promise": "^1.1.0"
      }
    },
    "node_modules/koa-send": {
      "version": "5.0.1",
      "license": "MIT",
      "dependencies": {
        "debug": "^4.1.1",
        "http-errors": "^1.7.3",
        "resolve-path": "^1.4.0"
      },
      "engines": {
        "node": ">= 8"
      }
    },
    "node_modules/koa-send/node_modules/debug": {
      "version": "4.3.1",
      "license": "MIT",
      "dependencies": {
        "ms": "2.1.2"
      },
      "engines": {
        "node": ">=6.0"
      },
      "peerDependenciesMeta": {
        "supports-color": {
          "optional": true
        }
      }
    },
    "node_modules/koa-send/node_modules/http-errors": {
      "version": "1.8.0",
      "license": "MIT",
      "dependencies": {
        "depd": "~1.1.2",
        "inherits": "2.0.4",
        "setprototypeof": "1.2.0",
        "statuses": ">= 1.5.0 < 2",
        "toidentifier": "1.0.0"
      },
      "engines": {
        "node": ">= 0.6"
      }
    },
    "node_modules/koa-send/node_modules/ms": {
      "version": "2.1.2",
      "license": "MIT"
    },
    "node_modules/koa-send/node_modules/setprototypeof": {
      "version": "1.2.0",
      "license": "ISC"
    },
    "node_modules/koa/node_modules/debug": {
      "version": "3.1.0",
      "license": "MIT",
      "dependencies": {
        "ms": "2.0.0"
      }
    },
    "node_modules/koa/node_modules/depd": {
      "version": "2.0.0",
      "license": "MIT",
      "engines": {
        "node": ">= 0.8"
      }
    },
    "node_modules/magic-string": {
      "version": "0.25.7",
      "dev": true,
      "license": "MIT",
      "dependencies": {
        "sourcemap-codec": "^1.4.4"
      }
    },
    "node_modules/media-typer": {
      "version": "0.3.0",
      "license": "MIT",
      "engines": {
        "node": ">= 0.6"
      }
    },
    "node_modules/mime-types": {
      "version": "2.1.28",
      "license": "MIT",
      "dependencies": {
        "mime-db": "1.45.0"
      },
      "engines": {
        "node": ">= 0.6"
      }
    },
    "node_modules/mime-types/node_modules/mime-db": {
      "version": "1.45.0",
      "license": "MIT",
      "engines": {
        "node": ">= 0.6"
      }
    },
    "node_modules/minimatch": {
      "version": "3.0.4",
      "dev": true,
      "license": "ISC",
      "dependencies": {
        "brace-expansion": "^1.1.7"
      },
      "engines": {
        "node": "*"
      }
    },
    "node_modules/ms": {
      "version": "2.0.0",
      "license": "MIT"
    },
    "node_modules/negotiator": {
      "version": "0.6.2",
      "license": "MIT",
      "engines": {
        "node": ">= 0.6"
      }
    },
    "node_modules/on-finished": {
      "version": "2.3.0",
      "license": "MIT",
      "dependencies": {
        "ee-first": "1.1.1"
      },
      "engines": {
        "node": ">= 0.8"
      }
    },
    "node_modules/once": {
      "version": "1.4.0",
      "dev": true,
      "license": "ISC",
      "dependencies": {
        "wrappy": "1"
      }
    },
    "node_modules/only": {
      "version": "0.0.2"
    },
    "node_modules/overtone": {
      "version": "0.0.2",
      "resolved": "https://registry.npmjs.org/overtone/-/overtone-0.0.2.tgz",
      "integrity": "sha1-NTd7RgNkKzOZdJO9D6J1+deRkzk="
    },
    "node_modules/parseurl": {
      "version": "1.3.3",
      "license": "MIT",
      "engines": {
        "node": ">= 0.8"
      }
    },
    "node_modules/path-is-absolute": {
      "version": "1.0.1",
      "license": "MIT",
      "engines": {
        "node": ">=0.10.0"
      }
    },
    "node_modules/path-parse": {
      "version": "1.0.6",
      "dev": true,
      "license": "MIT"
    },
    "node_modules/picomatch": {
      "version": "2.2.2",
      "dev": true,
      "license": "MIT",
      "engines": {
        "node": ">=8.6"
      },
      "funding": {
        "url": "https://github.com/sponsors/jonschlinkert"
      }
    },
    "node_modules/resolve": {
      "version": "1.20.0",
      "dev": true,
      "license": "MIT",
      "dependencies": {
        "is-core-module": "^2.2.0",
        "path-parse": "^1.0.6"
      },
      "funding": {
        "url": "https://github.com/sponsors/ljharb"
      }
    },
    "node_modules/resolve-path": {
      "version": "1.4.0",
      "license": "MIT",
      "dependencies": {
        "http-errors": "~1.6.2",
        "path-is-absolute": "1.0.1"
      },
      "engines": {
        "node": ">= 0.8"
      }
    },
    "node_modules/resolve-path/node_modules/http-errors": {
      "version": "1.6.3",
      "license": "MIT",
      "dependencies": {
        "depd": "~1.1.2",
        "inherits": "2.0.3",
        "setprototypeof": "1.1.0",
        "statuses": ">= 1.4.0 < 2"
      },
      "engines": {
        "node": ">= 0.6"
      }
    },
    "node_modules/resolve-path/node_modules/inherits": {
      "version": "2.0.3",
      "license": "ISC"
    },
    "node_modules/resolve-path/node_modules/setprototypeof": {
      "version": "1.1.0",
      "license": "ISC"
    },
    "node_modules/rollup": {
      "version": "2.40.0",
      "dev": true,
      "license": "MIT",
      "bin": {
        "rollup": "dist/bin/rollup"
      },
      "engines": {
        "node": ">=10.0.0"
      },
      "optionalDependencies": {
        "fsevents": "~2.3.1"
      }
    },
    "node_modules/setprototypeof": {
      "version": "1.1.1",
      "license": "ISC"
    },
    "node_modules/sourcemap-codec": {
      "version": "1.4.8",
      "dev": true,
      "license": "MIT"
    },
    "node_modules/statuses": {
      "version": "1.5.0",
      "license": "MIT",
      "engines": {
        "node": ">= 0.6"
      }
    },
    "node_modules/streamlet": {
      "version": "1.1.0",
      "resolved": "https://registry.npmjs.org/streamlet/-/streamlet-1.1.0.tgz",
      "integrity": "sha1-ox+8kR3FflGhuByXGQ5cL3OlktI=",
      "dependencies": {
        "subsequent": "^1.0.0"
      }
    },
    "node_modules/subsequent": {
      "version": "1.0.4",
      "resolved": "https://registry.npmjs.org/subsequent/-/subsequent-1.0.4.tgz",
      "integrity": "sha1-WMmGKVtkQpeqCCff8NFIHVZ6nGY="
    },
    "node_modules/toidentifier": {
      "version": "1.0.0",
      "license": "MIT",
      "engines": {
        "node": ">=0.6"
      }
    },
    "node_modules/tsscmp": {
      "version": "1.0.6",
      "license": "MIT",
      "engines": {
        "node": ">=0.6.x"
      }
    },
    "node_modules/type-is": {
      "version": "1.6.18",
      "license": "MIT",
      "dependencies": {
        "media-typer": "0.3.0",
        "mime-types": "~2.1.24"
      },
      "engines": {
        "node": ">= 0.6"
      }
    },
    "node_modules/vary": {
      "version": "1.1.2",
      "license": "MIT",
      "engines": {
        "node": ">= 0.8"
      }
    },
    "node_modules/wrappy": {
      "version": "1.0.2",
      "dev": true,
      "license": "ISC"
    },
    "node_modules/ws": {
      "version": "7.4.4",
      "resolved": "https://registry.npmjs.org/ws/-/ws-7.4.4.tgz",
      "integrity": "sha512-Qm8k8ojNQIMx7S+Zp8u/uHOx7Qazv3Yv4q68MiWWWOJhiwG5W3x7iqmRtJo8xxrciZUY4vRxUTJCKuRnF28ZZw==",
      "engines": {
        "node": ">=8.3.0"
      },
      "peerDependencies": {
        "bufferutil": "^4.0.1",
        "utf-8-validate": "^5.0.2"
      },
      "peerDependenciesMeta": {
        "bufferutil": {
          "optional": true
        },
        "utf-8-validate": {
          "optional": true
        }
      }
    },
    "node_modules/ylru": {
      "version": "1.2.1",
      "license": "MIT",
      "engines": {
        "node": ">= 4.0.0"
      }
    }
  },
  "dependencies": {
    "@rollup/plugin-commonjs": {
      "version": "17.1.0",
      "dev": true,
      "requires": {
        "@rollup/pluginutils": "^3.1.0",
        "commondir": "^1.0.1",
        "estree-walker": "^2.0.1",
        "glob": "^7.1.6",
        "is-reference": "^1.2.1",
        "magic-string": "^0.25.7",
        "resolve": "^1.17.0"
      },
      "dependencies": {
        "estree-walker": {
          "version": "2.0.2",
          "dev": true
        }
      }
    },
    "@rollup/plugin-node-resolve": {
      "version": "11.2.0",
      "dev": true,
      "requires": {
        "@rollup/pluginutils": "^3.1.0",
        "@types/resolve": "1.17.1",
        "builtin-modules": "^3.1.0",
        "deepmerge": "^4.2.2",
        "is-module": "^1.0.0",
        "resolve": "^1.19.0"
      },
      "dependencies": {
        "@types/resolve": {
          "version": "1.17.1",
          "dev": true,
          "requires": {
            "@types/node": "*"
          }
        }
      }
    },
    "@rollup/pluginutils": {
      "version": "3.1.0",
      "dev": true,
      "requires": {
        "@types/estree": "0.0.39",
        "estree-walker": "^1.0.1",
        "picomatch": "^2.2.2"
      },
      "dependencies": {
        "@types/estree": {
          "version": "0.0.39",
          "dev": true
        },
        "estree-walker": {
          "version": "1.0.1",
          "dev": true
        }
      }
    },
    "@types/estree": {
      "version": "0.0.46",
      "dev": true
    },
    "@types/node": {
      "version": "14.14.32",
      "dev": true
    },
    "accepts": {
      "version": "1.3.7",
      "requires": {
        "mime-types": "~2.1.24",
        "negotiator": "0.6.2"
      }
    },
    "any-promise": {
      "version": "1.3.0"
    },
    "balanced-match": {
      "version": "1.0.0",
      "dev": true
    },
    "brace-expansion": {
      "version": "1.1.11",
      "dev": true,
      "requires": {
        "balanced-match": "^1.0.0",
        "concat-map": "0.0.1"
      }
    },
    "builtin-modules": {
      "version": "3.2.0",
      "dev": true
    },
    "cache-content-type": {
      "version": "1.0.1",
      "requires": {
        "mime-types": "^2.1.18",
        "ylru": "^1.2.0"
      }
    },
    "chromatone": {
      "version": "0.0.1",
      "resolved": "https://registry.npmjs.org/chromatone/-/chromatone-0.0.1.tgz",
      "integrity": "sha512-Nm8uSWaPjYXuQrxivz60Vz+lmke/XUctJUb5/gnBlLswUxA5ZftD1nzV0daEMjQlZcLEvxxNu93mWA9qoP1MjA=="
    },
    "co": {
      "version": "4.6.0"
    },
    "commondir": {
      "version": "1.0.1",
      "dev": true
    },
    "concat-map": {
      "version": "0.0.1",
      "dev": true
    },
    "content-disposition": {
      "version": "0.5.3",
      "requires": {
        "safe-buffer": "5.1.2"
      },
      "dependencies": {
        "safe-buffer": {
          "version": "5.1.2"
        }
      }
    },
    "content-type": {
      "version": "1.0.4"
    },
    "cookies": {
      "version": "0.8.0",
      "requires": {
        "depd": "~2.0.0",
        "keygrip": "~1.1.0"
      },
      "dependencies": {
        "depd": {
          "version": "2.0.0"
        }
      }
    },
    "deep-equal": {
      "version": "1.0.1"
    },
    "deepmerge": {
      "version": "4.2.2",
      "dev": true
    },
    "delegates": {
      "version": "1.0.0"
    },
    "depd": {
      "version": "1.1.2"
    },
    "destroy": {
      "version": "1.0.4"
    },
    "dialup": {
      "version": "0.3.0",
      "resolved": "https://registry.npmjs.org/dialup/-/dialup-0.3.0.tgz",
      "integrity": "sha512-QKMxmVMhgiMlzJJCDtdO7gy7mcCGUEsI8YeiADebdwTYfivoGpY9hAeZajjru14Bp3ia7ez05AK7F9CgDdG16w==",
      "requires": {
        "chromatone": "*",
        "overtone": "*",
        "ws": "*"
      }
    },
    "ee-first": {
      "version": "1.1.1"
    },
    "encodeurl": {
      "version": "1.0.2"
    },
    "escape-html": {
      "version": "1.0.3"
    },
    "fresh": {
      "version": "0.5.2"
    },
    "fs.realpath": {
      "version": "1.0.0",
      "dev": true
    },
    "fsevents": {
      "version": "2.3.2",
      "dev": true,
      "optional": true
    },
    "function-bind": {
      "version": "1.1.1",
      "dev": true
    },
    "glob": {
      "version": "7.1.6",
      "dev": true,
      "requires": {
        "fs.realpath": "^1.0.0",
        "inflight": "^1.0.4",
        "inherits": "2",
        "minimatch": "^3.0.4",
        "once": "^1.3.0",
        "path-is-absolute": "^1.0.0"
      }
    },
    "has": {
      "version": "1.0.3",
      "dev": true,
      "requires": {
        "function-bind": "^1.1.1"
      }
    },
    "http-assert": {
      "version": "1.4.1",
      "requires": {
        "deep-equal": "~1.0.1",
        "http-errors": "~1.7.2"
      }
    },
    "http-errors": {
      "version": "1.7.2",
      "requires": {
        "depd": "~1.1.2",
        "inherits": "2.0.3",
        "setprototypeof": "1.1.1",
        "statuses": ">= 1.5.0 < 2",
        "toidentifier": "1.0.0"
      },
      "dependencies": {
        "inherits": {
          "version": "2.0.3"
        }
      }
    },
    "inflight": {
      "version": "1.0.6",
      "dev": true,
      "requires": {
        "once": "^1.3.0",
        "wrappy": "1"
      }
    },
    "inherits": {
      "version": "2.0.4"
    },
    "is-core-module": {
      "version": "2.2.0",
      "dev": true,
      "requires": {
        "has": "^1.0.3"
      }
    },
    "is-generator-function": {
      "version": "1.0.8"
    },
    "is-module": {
      "version": "1.0.0",
      "dev": true
    },
    "is-reference": {
      "version": "1.2.1",
      "dev": true,
      "requires": {
        "@types/estree": "*"
      }
    },
    "keygrip": {
      "version": "1.1.0",
      "requires": {
        "tsscmp": "1.0.6"
      }
    },
    "koa": {
      "version": "2.13.1",
      "requires": {
        "accepts": "^1.3.5",
        "cache-content-type": "^1.0.0",
        "content-disposition": "~0.5.2",
        "content-type": "^1.0.4",
        "cookies": "~0.8.0",
        "debug": "~3.1.0",
        "delegates": "^1.0.0",
        "depd": "^2.0.0",
        "destroy": "^1.0.4",
        "encodeurl": "^1.0.2",
        "escape-html": "^1.0.3",
        "fresh": "~0.5.2",
        "http-assert": "^1.3.0",
        "http-errors": "^1.6.3",
        "is-generator-function": "^1.0.7",
        "koa-compose": "^4.1.0",
        "koa-convert": "^1.2.0",
        "on-finished": "^2.3.0",
        "only": "~0.0.2",
        "parseurl": "^1.3.2",
        "statuses": "^1.5.0",
        "type-is": "^1.6.16",
        "vary": "^1.1.2"
      },
      "dependencies": {
        "debug": {
          "version": "3.1.0",
          "requires": {
            "ms": "2.0.0"
          }
        },
        "depd": {
          "version": "2.0.0"
        }
      }
    },
    "koa-compose": {
      "version": "4.1.0"
    },
    "koa-convert": {
      "version": "1.2.0",
      "requires": {
        "co": "^4.6.0",
        "koa-compose": "^3.0.0"
      },
      "dependencies": {
        "koa-compose": {
          "version": "3.2.1",
          "requires": {
            "any-promise": "^1.1.0"
          }
        }
      }
    },
    "koa-send": {
      "version": "5.0.1",
      "requires": {
        "debug": "^4.1.1",
        "http-errors": "^1.7.3",
        "resolve-path": "^1.4.0"
      },
      "dependencies": {
        "debug": {
          "version": "4.3.1",
          "requires": {
            "ms": "2.1.2"
          }
        },
        "http-errors": {
          "version": "1.8.0",
          "requires": {
            "depd": "~1.1.2",
            "inherits": "2.0.4",
            "setprototypeof": "1.2.0",
            "statuses": ">= 1.5.0 < 2",
            "toidentifier": "1.0.0"
          }
        },
        "ms": {
          "version": "2.1.2"
        },
        "setprototypeof": {
          "version": "1.2.0"
        }
      }
    },
    "magic-string": {
      "version": "0.25.7",
      "dev": true,
      "requires": {
        "sourcemap-codec": "^1.4.4"
      }
    },
    "media-typer": {
      "version": "0.3.0"
    },
    "mime-types": {
      "version": "2.1.28",
      "requires": {
        "mime-db": "1.45.0"
      },
      "dependencies": {
        "mime-db": {
          "version": "1.45.0"
        }
      }
    },
    "minimatch": {
      "version": "3.0.4",
      "dev": true,
      "requires": {
        "brace-expansion": "^1.1.7"
      }
    },
    "ms": {
      "version": "2.0.0"
    },
    "negotiator": {
      "version": "0.6.2"
    },
    "on-finished": {
      "version": "2.3.0",
      "requires": {
        "ee-first": "1.1.1"
      }
    },
    "once": {
      "version": "1.4.0",
      "dev": true,
      "requires": {
        "wrappy": "1"
      }
    },
    "only": {
      "version": "0.0.2"
    },
    "overtone": {
      "version": "0.0.2",
      "resolved": "https://registry.npmjs.org/overtone/-/overtone-0.0.2.tgz",
      "integrity": "sha1-NTd7RgNkKzOZdJO9D6J1+deRkzk="
    },
    "parseurl": {
      "version": "1.3.3"
    },
    "path-is-absolute": {
      "version": "1.0.1"
    },
    "path-parse": {
      "version": "1.0.6",
      "dev": true
    },
    "picomatch": {
      "version": "2.2.2",
      "dev": true
    },
    "resolve": {
      "version": "1.20.0",
      "dev": true,
      "requires": {
        "is-core-module": "^2.2.0",
        "path-parse": "^1.0.6"
      }
    },
    "resolve-path": {
      "version": "1.4.0",
      "requires": {
        "http-errors": "~1.6.2",
        "path-is-absolute": "1.0.1"
      },
      "dependencies": {
        "http-errors": {
          "version": "1.6.3",
          "requires": {
            "depd": "~1.1.2",
            "inherits": "2.0.3",
            "setprototypeof": "1.1.0",
            "statuses": ">= 1.4.0 < 2"
          }
        },
        "inherits": {
          "version": "2.0.3"
        },
        "setprototypeof": {
          "version": "1.1.0"
        }
      }
    },
    "rollup": {
      "version": "2.40.0",
      "dev": true,
      "requires": {
        "fsevents": "~2.3.1"
      }
    },
    "setprototypeof": {
      "version": "1.1.1"
    },
    "sourcemap-codec": {
      "version": "1.4.8",
      "dev": true
    },
    "statuses": {
      "version": "1.5.0"
    },
    "streamlet": {
      "version": "1.1.0",
      "resolved": "https://registry.npmjs.org/streamlet/-/streamlet-1.1.0.tgz",
      "integrity": "sha1-ox+8kR3FflGhuByXGQ5cL3OlktI=",
      "requires": {
        "subsequent": "^1.0.0"
      }
    },
    "subsequent": {
      "version": "1.0.4",
      "resolved": "https://registry.npmjs.org/subsequent/-/subsequent-1.0.4.tgz",
      "integrity": "sha1-WMmGKVtkQpeqCCff8NFIHVZ6nGY="
    },
    "toidentifier": {
      "version": "1.0.0"
    },
    "tsscmp": {
      "version": "1.0.6"
    },
    "type-is": {
      "version": "1.6.18",
      "requires": {
        "media-typer": "0.3.0",
        "mime-types": "~2.1.24"
      }
    },
    "vary": {
      "version": "1.1.2"
    },
    "wrappy": {
      "version": "1.0.2",
      "dev": true
    },
    "ws": {
      "version": "7.4.4",
      "resolved": "https://registry.npmjs.org/ws/-/ws-7.4.4.tgz",
      "integrity": "sha512-Qm8k8ojNQIMx7S+Zp8u/uHOx7Qazv3Yv4q68MiWWWOJhiwG5W3x7iqmRtJo8xxrciZUY4vRxUTJCKuRnF28ZZw==",
      "requires": {}
    },
    "ylru": {
      "version": "1.2.1"
    }
  }
}
